<Solution>
  <Folder Name="/src/">
    <Project Path="src/Shortnr.AppHost/Shortnr.AppHost.csproj" />
    <Project Path="src/Shortnr.Cli/Shortnr.Cli.csproj" />
    <Project Path="src/Shortnr.Data/Shortnr.Data.csproj" />
    <Project Path="src/Shortnr.ServiceDefaults/Shortnr.ServiceDefaults.csproj" />
    <Project Path="src/Shortnr.Web/Shortnr.Web.csproj" />
  </Folder>
  <Folder Name="/tests/">
    <Project Path="tests/Shortnr.Tests.Unit/Shortnr.Tests.Unit.csproj" />
    <Project Path="tests/Shortnr.Tests.Integration/Shortnr.Tests.Integration.csproj" />
  </Folder>
</Solution>
